
Microsoft Visual Studio Solution File, Format Version 12.00
# Visual Studio Version 16
VisualStudioVersion = 16.0.31727.386
MinimumVisualStudioVersion = 10.0.40219.1
Project("{FAE04EC0-301F-11D3-BF4B-00C04F79EFBC}") = "L10_[OOP]_ClassesObjects", "L10_[OOP]_ClassesObjects.csproj", "{613E0AA7-1560-4E1C-885C-01CBD975D503}"
EndProject
Global
	GlobalSection(SolutionConfigurationPlatforms) = preSolution
		Debug|Any CPU = Debug|Any CPU
		Release|Any CPU = Release|Any CPU
	EndGlobalSection
	GlobalSection(ProjectConfigurationPlatforms) = postSolution
		{613E0AA7-1560-4E1C-885C-01CBD975D503}.Debug|Any CPU.ActiveCfg = Debug|Any CPU
		{613E0AA7-1560-4E1C-885C-01CBD975D503}.Debug|Any CPU.Build.0 = Debug|Any CPU
		{613E0AA7-1560-4E1C-885C-01CBD975D503}.Release|Any CPU.ActiveCfg = Release|Any CPU
		{613E0AA7-1560-4E1C-885C-01CBD975D503}.Release|Any CPU.Build.0 = Release|Any CPU
	EndGlobalSection
	GlobalSection(SolutionProperties) = preSolution
		HideSolutionNode = FALSE
	EndGlobalSection
	GlobalSection(ExtensibilityGlobals) = postSolution
		SolutionGuid = {76C0CCC0-8A58-465F-BDE3-4CF810AC1D62}
	EndGlobalSection
EndGlobal
