
Microsoft Visual Studio Solution File, Format Version 12.00
# Visual Studio Version 16
VisualStudioVersion = 16.0.31727.386
MinimumVisualStudioVersion = 10.0.40219.1
Project("{FAE04EC0-301F-11D3-BF4B-00C04F79EFBC}") = "L7_Methods", "L7_Methods.csproj", "{96012AE2-242E-46A4-AF86-3AABF28B9BEE}"
EndProject
Global
	GlobalSection(SolutionConfigurationPlatforms) = preSolution
		Debug|Any CPU = Debug|Any CPU
		Release|Any CPU = Release|Any CPU
	EndGlobalSection
	GlobalSection(ProjectConfigurationPlatforms) = postSolution
		{96012AE2-242E-46A4-AF86-3AABF28B9BEE}.Debug|Any CPU.ActiveCfg = Debug|Any CPU
		{96012AE2-242E-46A4-AF86-3AABF28B9BEE}.Debug|Any CPU.Build.0 = Debug|Any CPU
		{96012AE2-242E-46A4-AF86-3AABF28B9BEE}.Release|Any CPU.ActiveCfg = Release|Any CPU
		{96012AE2-242E-46A4-AF86-3AABF28B9BEE}.Release|Any CPU.Build.0 = Release|Any CPU
	EndGlobalSection
	GlobalSection(SolutionProperties) = preSolution
		HideSolutionNode = FALSE
	EndGlobalSection
	GlobalSection(ExtensibilityGlobals) = postSolution
		SolutionGuid = {D5F5B2A0-264B-42D6-8F53-FE16FDDC69B0}
	EndGlobalSection
EndGlobal
